
Microsoft Visual Studio Solution File, Format Version 12.00
# Visual Studio 15
VisualStudioVersion = 15.0.27703.2026
MinimumVisualStudioVersion = 10.0.40219.1
Project("{9A19103F-16F7-4668-BE54-9A1E7A4F7556}") = "HomeSensorServerAPI", "HomeSensorServerAPI\HomeSensorServerAPI.csproj", "{17F4250D-DCB1-4B72-A399-F37556C8354A}"
EndProject
Project("{9A19103F-16F7-4668-BE54-9A1E7A4F7556}") = "RpiProcessHandler", "RpiProcessHandler\RpiProcessHandler.csproj", "{1F1516EE-C105-4D43-83C0-A77239DBBB58}"
EndProject
Project("{9A19103F-16F7-4668-BE54-9A1E7A4F7556}") = "BusinessLogicTests", "BusinessLogicTests\BusinessLogicTests.csproj", "{06CD2ECA-8600-41A3-986D-DC8BA4D20C30}"
EndProject
Project("{9A19103F-16F7-4668-BE54-9A1E7A4F7556}") = "PasswordCryptoService", "PasswordCryptoService\PasswordCryptoService.csproj", "{2D4F4639-F302-4AC0-B9D4-49384583C4B0}"
EndProject
Project("{9A19103F-16F7-4668-BE54-9A1E7A4F7556}") = "MainTests.cs", "MainTests.cs\MainTests.cs.csproj", "{7508DE0F-D848-45BE-A611-6B404757A817}"
EndProject
Global
	GlobalSection(SolutionConfigurationPlatforms) = preSolution
		Debug|Any CPU = Debug|Any CPU
		Release|Any CPU = Release|Any CPU
	EndGlobalSection
	GlobalSection(ProjectConfigurationPlatforms) = postSolution
		{17F4250D-DCB1-4B72-A399-F37556C8354A}.Debug|Any CPU.ActiveCfg = Debug|Any CPU
		{17F4250D-DCB1-4B72-A399-F37556C8354A}.Debug|Any CPU.Build.0 = Debug|Any CPU
		{17F4250D-DCB1-4B72-A399-F37556C8354A}.Release|Any CPU.ActiveCfg = Release|Any CPU
		{17F4250D-DCB1-4B72-A399-F37556C8354A}.Release|Any CPU.Build.0 = Release|Any CPU
		{1F1516EE-C105-4D43-83C0-A77239DBBB58}.Debug|Any CPU.ActiveCfg = Debug|Any CPU
		{1F1516EE-C105-4D43-83C0-A77239DBBB58}.Debug|Any CPU.Build.0 = Debug|Any CPU
		{1F1516EE-C105-4D43-83C0-A77239DBBB58}.Release|Any CPU.ActiveCfg = Release|Any CPU
		{1F1516EE-C105-4D43-83C0-A77239DBBB58}.Release|Any CPU.Build.0 = Release|Any CPU
		{06CD2ECA-8600-41A3-986D-DC8BA4D20C30}.Debug|Any CPU.ActiveCfg = Debug|Any CPU
		{06CD2ECA-8600-41A3-986D-DC8BA4D20C30}.Debug|Any CPU.Build.0 = Debug|Any CPU
		{06CD2ECA-8600-41A3-986D-DC8BA4D20C30}.Release|Any CPU.ActiveCfg = Release|Any CPU
		{06CD2ECA-8600-41A3-986D-DC8BA4D20C30}.Release|Any CPU.Build.0 = Release|Any CPU
		{2D4F4639-F302-4AC0-B9D4-49384583C4B0}.Debug|Any CPU.ActiveCfg = Debug|Any CPU
		{2D4F4639-F302-4AC0-B9D4-49384583C4B0}.Debug|Any CPU.Build.0 = Debug|Any CPU
		{2D4F4639-F302-4AC0-B9D4-49384583C4B0}.Release|Any CPU.ActiveCfg = Release|Any CPU
		{2D4F4639-F302-4AC0-B9D4-49384583C4B0}.Release|Any CPU.Build.0 = Release|Any CPU
		{7508DE0F-D848-45BE-A611-6B404757A817}.Debug|Any CPU.ActiveCfg = Debug|Any CPU
		{7508DE0F-D848-45BE-A611-6B404757A817}.Debug|Any CPU.Build.0 = Debug|Any CPU
		{7508DE0F-D848-45BE-A611-6B404757A817}.Release|Any CPU.ActiveCfg = Release|Any CPU
		{7508DE0F-D848-45BE-A611-6B404757A817}.Release|Any CPU.Build.0 = Release|Any CPU
	EndGlobalSection
	GlobalSection(SolutionProperties) = preSolution
		HideSolutionNode = FALSE
	EndGlobalSection
	GlobalSection(ExtensibilityGlobals) = postSolution
		SolutionGuid = {AF9372FC-D8A3-4960-8BB0-64C1AB17D9E2}
	EndGlobalSection
EndGlobal
