{
  "requires": true,
  "lockfileVersion": 1,
  "dependencies": {
    "html5-sortable-angularjs": {
      "version": "0.0.1",
      "resolved": "https://registry.npmjs.org/html5-sortable-angularjs/-/html5-sortable-angularjs-0.0.1.tgz",
      "integrity": "sha1-iaArRCLUW4FD5TVgDq3U9gOuUtM="
    }
  }
}
